
Microsoft Visual Studio Solution File, Format Version 12.00
# Visual Studio Version 16
VisualStudioVersion = 16.0.31112.23
MinimumVisualStudioVersion = 10.0.40219.1
Project("{FAE04EC0-301F-11D3-BF4B-00C04F79EFBC}") = "SafeGame", "SafeGame.csproj", "{892BDA0E-70F6-44CE-B979-38EBA40E4E92}"
EndProject
Global
	GlobalSection(SolutionConfigurationPlatforms) = preSolution
		Debug|Any CPU = Debug|Any CPU
		Release|Any CPU = Release|Any CPU
	EndGlobalSection
	GlobalSection(ProjectConfigurationPlatforms) = postSolution
		{892BDA0E-70F6-44CE-B979-38EBA40E4E92}.Debug|Any CPU.ActiveCfg = Debug|Any CPU
		{892BDA0E-70F6-44CE-B979-38EBA40E4E92}.Debug|Any CPU.Build.0 = Debug|Any CPU
		{892BDA0E-70F6-44CE-B979-38EBA40E4E92}.Release|Any CPU.ActiveCfg = Release|Any CPU
		{892BDA0E-70F6-44CE-B979-38EBA40E4E92}.Release|Any CPU.Build.0 = Release|Any CPU
	EndGlobalSection
	GlobalSection(SolutionProperties) = preSolution
		HideSolutionNode = FALSE
	EndGlobalSection
	GlobalSection(ExtensibilityGlobals) = postSolution
		SolutionGuid = {FADE16F4-4F48-4840-8A11-20EB01294A48}
	EndGlobalSection
EndGlobal
